
Microsoft Visual Studio Solution File, Format Version 12.00
# Visual Studio 15
VisualStudioVersion = 15.0.28307.572
MinimumVisualStudioVersion = 10.0.40219.1
Project("{FAE04EC0-301F-11D3-BF4B-00C04F79EFBC}") = "WebApplication1", "WebApplication1\WebApplication1.csproj", "{3C4D34EA-C4EE-40DE-A72A-1478D029BFF1}"
EndProject
Project("{FAE04EC0-301F-11D3-BF4B-00C04F79EFBC}") = "WebApplication1.Tests", "WebApplication1.Tests\WebApplication1.Tests.csproj", "{EE90A3FE-A84D-4A82-B92C-EE081B353635}"
EndProject
Global
	GlobalSection(SolutionConfigurationPlatforms) = preSolution
		Debug|Any CPU = Debug|Any CPU
		Release|Any CPU = Release|Any CPU
	EndGlobalSection
	GlobalSection(ProjectConfigurationPlatforms) = postSolution
		{3C4D34EA-C4EE-40DE-A72A-1478D029BFF1}.Debug|Any CPU.ActiveCfg = Debug|Any CPU
		{3C4D34EA-C4EE-40DE-A72A-1478D029BFF1}.Debug|Any CPU.Build.0 = Debug|Any CPU
		{3C4D34EA-C4EE-40DE-A72A-1478D029BFF1}.Release|Any CPU.ActiveCfg = Release|Any CPU
		{3C4D34EA-C4EE-40DE-A72A-1478D029BFF1}.Release|Any CPU.Build.0 = Release|Any CPU
		{EE90A3FE-A84D-4A82-B92C-EE081B353635}.Debug|Any CPU.ActiveCfg = Debug|Any CPU
		{EE90A3FE-A84D-4A82-B92C-EE081B353635}.Debug|Any CPU.Build.0 = Debug|Any CPU
		{EE90A3FE-A84D-4A82-B92C-EE081B353635}.Release|Any CPU.ActiveCfg = Release|Any CPU
		{EE90A3FE-A84D-4A82-B92C-EE081B353635}.Release|Any CPU.Build.0 = Release|Any CPU
	EndGlobalSection
	GlobalSection(SolutionProperties) = preSolution
		HideSolutionNode = FALSE
	EndGlobalSection
	GlobalSection(ExtensibilityGlobals) = postSolution
		SolutionGuid = {BE017AEF-465A-496C-B47A-8539965062AD}
	EndGlobalSection
EndGlobal
